// !$*UTF8*$!
{
	archiveVersion = 1;
	classes = {
	};
	objectVersion = 48;
	objects = {

/* Begin PBXBuildFile section */
		A3A57ADE201D242400316BA7 /* AppDelegate.swift in Sources */ = {isa = PBXBuildFile; fileRef = A3A57ADD201D242400316BA7 /* AppDelegate.swift */; };
		A3A57AE0201D242400316BA7 /* ViewController.swift in Sources */ = {isa = PBXBuildFile; fileRef = A3A57ADF201D242400316BA7 /* ViewController.swift */; };
		A3A57AE3201D242400316BA7 /* Main.storyboard in Resources */ = {isa = PBXBuildFile; fileRef = A3A57AE1201D242400316BA7 /* Main.storyboard */; };
		A3A57AE5201D242400316BA7 /* Assets.xcassets in Resources */ = {isa = PBXBuildFile; fileRef = A3A57AE4201D242400316BA7 /* Assets.xcassets */; };
		A3A57AE8201D242400316BA7 /* LaunchScreen.storyboard in Resources */ = {isa = PBXBuildFile; fileRef = A3A57AE6201D242400316BA7 /* LaunchScreen.storyboard */; };
		A3A57AF3201D242500316BA7 /* SDProjectTests.swift in Sources */ = {isa = PBXBuildFile; fileRef = A3A57AF2201D242500316BA7 /* SDProjectTests.swift */; };
		A3A57AFE201D242500316BA7 /* SDProjectUITests.swift in Sources */ = {isa = PBXBuildFile; fileRef = A3A57AFD201D242500316BA7 /* SDProjectUITests.swift */; };
/* End PBXBuildFile section */

/* Begin PBXContainerItemProxy section */
		A3A57AEF201D242500316BA7 /* PBXContainerItemProxy */ = {
			isa = PBXContainerItemProxy;
			containerPortal = A3A57AD2201D242400316BA7 /* Project object */;
			proxyType = 1;
			remoteGlobalIDString = A3A57AD9201D242400316BA7;
			remoteInfo = SDProject;
		};
		A3A57AFA201D242500316BA7 /* PBXContainerItemProxy */ = {
			isa = PBXContainerItemProxy;
			containerPortal = A3A57AD2201D242400316BA7 /* Project object */;
			proxyType = 1;
			remoteGlobalIDString = A3A57AD9201D242400316BA7;
			remoteInfo = SDProject;
		};
/* End PBXContainerItemProxy section */

/* Begin PBXFileReference section */
		A3A57ADA201D242400316BA7 /* SDProject.app */ = {isa = PBXFileReference; explicitFileType = wrapper.application; includeInIndex = 0; path = SDProject.app; sourceTree = BUILT_PRODUCTS_DIR; };
		A3A57ADD201D242400316BA7 /* AppDelegate.swift */ = {isa = PBXFileReference; lastKnownFileType = sourcecode.swift; path = AppDelegate.swift; sourceTree = "<group>"; };
		A3A57ADF201D242400316BA7 /* ViewController.swift */ = {isa = PBXFileReference; lastKnownFileType = sourcecode.swift; path = ViewController.swift; sourceTree = "<group>"; };
		A3A57AE2201D242400316BA7 /* Base */ = {isa = PBXFileReference; lastKnownFileType = file.storyboard; name = Base; path = Base.lproj/Main.storyboard; sourceTree = "<group>"; };
		A3A57AE4201D242400316BA7 /* Assets.xcassets */ = {isa = PBXFileReference; lastKnownFileType = folder.assetcatalog; path = Assets.xcassets; sourceTree = "<group>"; };
		A3A57AE7201D242400316BA7 /* Base */ = {isa = PBXFileReference; lastKnownFileType = file.storyboard; name = Base; path = Base.lproj/LaunchScreen.storyboard; sourceTree = "<group>"; };
		A3A57AE9201D242500316BA7 /* Info.plist */ = {isa = PBXFileReference; lastKnownFileType = text.plist.xml; path = Info.plist; sourceTree = "<group>"; };
		A3A57AEE201D242500316BA7 /* SDProjectTests.xctest */ = {isa = PBXFileReference; explicitFileType = wrapper.cfbundle; includeInIndex = 0; path = SDProjectTests.xctest; sourceTree = BUILT_PRODUCTS_DIR; };
		A3A57AF2201D242500316BA7 /* SDProjectTests.swift */ = {isa = PBXFileReference; lastKnownFileType = sourcecode.swift; path = SDProjectTests.swift; sourceTree = "<group>"; };
		A3A57AF4201D242500316BA7 /* Info.plist */ = {isa = PBXFileReference; lastKnownFileType = text.plist.xml; path = Info.plist; sourceTree = "<group>"; };
		A3A57AF9201D242500316BA7 /* SDProjectUITests.xctest */ = {isa = PBXFileReference; explicitFileType = wrapper.cfbundle; includeInIndex = 0; path = SDProjectUITests.xctest; sourceTree = BUILT_PRODUCTS_DIR; };
		A3A57AFD201D242500316BA7 /* SDProjectUITests.swift */ = {isa = PBXFileReference; lastKnownFileType = sourcecode.swift; path = SDProjectUITests.swift; sourceTree = "<group>"; };
		A3A57AFF201D242500316BA7 /* Info.plist */ = {isa = PBXFileReference; lastKnownFileType = text.plist.xml; path = Info.plist; sourceTree = "<group>"; };
/* End PBXFileReference section */

/* Begin PBXFrameworksBuildPhase section */
		A3A57AD7201D242400316BA7 /* Frameworks */ = {
			isa = PBXFrameworksBuildPhase;
			buildActionMask = 2147483647;
			files = (
			);
			runOnlyForDeploymentPostprocessing = 0;
		};
		A3A57AEB201D242500316BA7 /* Frameworks */ = {
			isa = PBXFrameworksBuildPhase;
			buildActionMask = 2147483647;
			files = (
			);
			runOnlyForDeploymentPostprocessing = 0;
		};
		A3A57AF6201D242500316BA7 /* Frameworks */ = {
			isa = PBXFrameworksBuildPhase;
			buildActionMask = 2147483647;
			files = (
			);
			runOnlyForDeploymentPostprocessing = 0;
		};
/* End PBXFrameworksBuildPhase section */

/* Begin PBXGroup section */
		A3A57AD1201D242400316BA7 = {
			isa = PBXGroup;
			children = (
				A3A57ADC201D242400316BA7 /* SDProject */,
				A3A57AF1201D242500316BA7 /* SDProjectTests */,
				A3A57AFC201D242500316BA7 /* SDProjectUITests */,
				A3A57ADB201D242400316BA7 /* Products */,
			);
			sourceTree = "<group>";
		};
		A3A57ADB201D242400316BA7 /* Products */ = {
			isa = PBXGroup;
			children = (
				A3A57ADA201D242400316BA7 /* SDProject.app */,
				A3A57AEE201D242500316BA7 /* SDProjectTests.xctest */,
				A3A57AF9201D242500316BA7 /* SDProjectUITests.xctest */,
			);
			name = Products;
			sourceTree = "<group>";
		};
		A3A57ADC201D242400316BA7 /* SDProject */ = {
			isa = PBXGroup;
			children = (
				A3A57ADD201D242400316BA7 /* AppDelegate.swift */,
				A3A57ADF201D242400316BA7 /* ViewController.swift */,
				A3A57AE1201D242400316BA7 /* Main.storyboard */,
				A3A57AE4201D242400316BA7 /* Assets.xcassets */,
				A3A57AE6201D242400316BA7 /* LaunchScreen.storyboard */,
				A3A57AE9201D242500316BA7 /* Info.plist */,
			);
			path = SDProject;
			sourceTree = "<group>";
		};
		A3A57AF1201D242500316BA7 /* SDProjectTests */ = {
			isa = PBXGroup;
			children = (
				A3A57AF2201D242500316BA7 /* SDProjectTests.swift */,
				A3A57AF4201D242500316BA7 /* Info.plist */,
			);
			path = SDProjectTests;
			sourceTree = "<group>";
		};
		A3A57AFC201D242500316BA7 /* SDProjectUITests */ = {
			isa = PBXGroup;
			children = (
				A3A57AFD201D242500316BA7 /* SDProjectUITests.swift */,
				A3A57AFF201D242500316BA7 /* Info.plist */,
			);
			path = SDProjectUITests;
			sourceTree = "<group>";
		};
/* End PBXGroup section */

/* Begin PBXNativeTarget section */
		A3A57AD9201D242400316BA7 /* SDProject */ = {
			isa = PBXNativeTarget;
			buildConfigurationList = A3A57B02201D242500316BA7 /* Build configuration list for PBXNativeTarget "SDProject" */;
			buildPhases = (
				A3A57AD6201D242400316BA7 /* Sources */,
				A3A57AD7201D242400316BA7 /* Frameworks */,
				A3A57AD8201D242400316BA7 /* Resources */,
			);
			buildRules = (
			);
			dependencies = (
			);
			name = SDProject;
			productName = SDProject;
			productReference = A3A57ADA201D242400316BA7 /* SDProject.app */;
			productType = "com.apple.product-type.application";
		};
		A3A57AED201D242500316BA7 /* SDProjectTests */ = {
			isa = PBXNativeTarget;
			buildConfigurationList = A3A57B05201D242500316BA7 /* Build configuration list for PBXNativeTarget "SDProjectTests" */;
			buildPhases = (
				A3A57AEA201D242500316BA7 /* Sources */,
				A3A57AEB201D242500316BA7 /* Frameworks */,
				A3A57AEC201D242500316BA7 /* Resources */,
			);
			buildRules = (
			);
			dependencies = (
				A3A57AF0201D242500316BA7 /* PBXTargetDependency */,
			);
			name = SDProjectTests;
			productName = SDProjectTests;
			productReference = A3A57AEE201D242500316BA7 /* SDProjectTests.xctest */;
			productType = "com.apple.product-type.bundle.unit-test";
		};
		A3A57AF8201D242500316BA7 /* SDProjectUITests */ = {
			isa = PBXNativeTarget;
			buildConfigurationList = A3A57B08201D242500316BA7 /* Build configuration list for PBXNativeTarget "SDProjectUITests" */;
			buildPhases = (
				A3A57AF5201D242500316BA7 /* Sources */,
				A3A57AF6201D242500316BA7 /* Frameworks */,
				A3A57AF7201D242500316BA7 /* Resources */,
			);
			buildRules = (
			);
			dependencies = (
				A3A57AFB201D242500316BA7 /* PBXTargetDependency */,
			);
			name = SDProjectUITests;
			productName = SDProjectUITests;
			productReference = A3A57AF9201D242500316BA7 /* SDProjectUITests.xctest */;
			productType = "com.apple.product-type.bundle.ui-testing";
		};
/* End PBXNativeTarget section */

/* Begin PBXProject section */
		A3A57AD2201D242400316BA7 /* Project object */ = {
			isa = PBXProject;
			attributes = {
				LastSwiftUpdateCheck = 0920;
				LastUpgradeCheck = 0920;
				ORGANIZATIONNAME = "Luke Armbruster";
				TargetAttributes = {
					A3A57AD9201D242400316BA7 = {
						CreatedOnToolsVersion = 9.2;
						ProvisioningStyle = Automatic;
					};
					A3A57AED201D242500316BA7 = {
						CreatedOnToolsVersion = 9.2;
						ProvisioningStyle = Automatic;
						TestTargetID = A3A57AD9201D242400316BA7;
					};
					A3A57AF8201D242500316BA7 = {
						CreatedOnToolsVersion = 9.2;
						ProvisioningStyle = Automatic;
						TestTargetID = A3A57AD9201D242400316BA7;
					};
				};
			};
			buildConfigurationList = A3A57AD5201D242400316BA7 /* Build configuration list for PBXProject "SDProject" */;
			compatibilityVersion = "Xcode 8.0";
			developmentRegion = en;
			hasScannedForEncodings = 0;
			knownRegions = (
				en,
				Base,
			);
			mainGroup = A3A57AD1201D242400316BA7;
			productRefGroup = A3A57ADB201D242400316BA7 /* Products */;
			projectDirPath = "";
			projectRoot = "";
			targets = (
				A3A57AD9201D242400316BA7 /* SDProject */,
				A3A57AED201D242500316BA7 /* SDProjectTests */,
				A3A57AF8201D242500316BA7 /* SDProjectUITests */,
			);
		};
/* End PBXProject section */

/* Begin PBXResourcesBuildPhase section */
		A3A57AD8201D242400316BA7 /* Resources */ = {
			isa = PBXResourcesBuildPhase;
			buildActionMask = 2147483647;
			files = (
				A3A57AE8201D242400316BA7 /* LaunchScreen.storyboard in Resources */,
				A3A57AE5201D242400316BA7 /* Assets.xcassets in Resources */,
				A3A57AE3201D242400316BA7 /* Main.storyboard in Resources */,
			);
			runOnlyForDeploymentPostprocessing = 0;
		};
		A3A57AEC201D242500316BA7 /* Resources */ = {
			isa = PBXResourcesBuildPhase;
			buildActionMask = 2147483647;
			files = (
			);
			runOnlyForDeploymentPostprocessing = 0;
		};
		A3A57AF7201D242500316BA7 /* Resources */ = {
			isa = PBXResourcesBuildPhase;
			buildActionMask = 2147483647;
			files = (
			);
			runOnlyForDeploymentPostprocessing = 0;
		};
/* End PBXResourcesBuildPhase section */

/* Begin PBXSourcesBuildPhase section */
		A3A57AD6201D242400316BA7 /* Sources */ = {
			isa = PBXSourcesBuildPhase;
			buildActionMask = 2147483647;
			files = (
				A3A57AE0201D242400316BA7 /* ViewController.swift in Sources */,
				A3A57ADE201D242400316BA7 /* AppDelegate.swift in Sources */,
			);
			runOnlyForDeploymentPostprocessing = 0;
		};
		A3A57AEA201D242500316BA7 /* Sources */ = {
			isa = PBXSourcesBuildPhase;
			buildActionMask = 2147483647;
			files = (
				A3A57AF3201D242500316BA7 /* SDProjectTests.swift in Sources */,
			);
			runOnlyForDeploymentPostprocessing = 0;
		};
		A3A57AF5201D242500316BA7 /* Sources */ = {
			isa = PBXSourcesBuildPhase;
			buildActionMask = 2147483647;
			files = (
				A3A57AFE201D242500316BA7 /* SDProjectUITests.swift in Sources */,
			);
			runOnlyForDeploymentPostprocessing = 0;
		};
/* End PBXSourcesBuildPhase section */

/* Begin PBXTargetDependency section */
		A3A57AF0201D242500316BA7 /* PBXTargetDependency */ = {
			isa = PBXTargetDependency;
			target = A3A57AD9201D242400316BA7 /* SDProject */;
			targetProxy = A3A57AEF201D242500316BA7 /* PBXContainerItemProxy */;
		};
		A3A57AFB201D242500316BA7 /* PBXTargetDependency */ = {
			isa = PBXTargetDependency;
			target = A3A57AD9201D242400316BA7 /* SDProject */;
			targetProxy = A3A57AFA201D242500316BA7 /* PBXContainerItemProxy */;
		};
/* End PBXTargetDependency section */

/* Begin PBXVariantGroup section */
		A3A57AE1201D242400316BA7 /* Main.storyboard */ = {
			isa = PBXVariantGroup;
			children = (
				A3A57AE2201D242400316BA7 /* Base */,
			);
			name = Main.storyboard;
			sourceTree = "<group>";
		};
		A3A57AE6201D242400316BA7 /* LaunchScreen.storyboard */ = {
			isa = PBXVariantGroup;
			children = (
				A3A57AE7201D242400316BA7 /* Base */,
			);
			name = LaunchScreen.storyboard;
			sourceTree = "<group>";
		};
/* End PBXVariantGroup section */

/* Begin XCBuildConfiguration section */
		A3A57B00201D242500316BA7 /* Debug */ = {
			isa = XCBuildConfiguration;
			buildSettings = {
				ALWAYS_SEARCH_USER_PATHS = NO;
				CLANG_ANALYZER_NONNULL = YES;
				CLANG_ANALYZER_NUMBER_OBJECT_CONVERSION = YES_AGGRESSIVE;
				CLANG_CXX_LANGUAGE_STANDARD = "gnu++14";
				CLANG_CXX_LIBRARY = "libc++";
				CLANG_ENABLE_MODULES = YES;
				CLANG_ENABLE_OBJC_ARC = YES;
				CLANG_WARN_BLOCK_CAPTURE_AUTORELEASING = YES;
				CLANG_WARN_BOOL_CONVERSION = YES;
				CLANG_WARN_COMMA = YES;
				CLANG_WARN_CONSTANT_CONVERSION = YES;
				CLANG_WARN_DIRECT_OBJC_ISA_USAGE = YES_ERROR;
				CLANG_WARN_DOCUMENTATION_COMMENTS = YES;
				CLANG_WARN_EMPTY_BODY = YES;
				CLANG_WARN_ENUM_CONVERSION = YES;
				CLANG_WARN_INFINITE_RECURSION = YES;
				CLANG_WARN_INT_CONVERSION = YES;
				CLANG_WARN_NON_LITERAL_NULL_CONVERSION = YES;
				CLANG_WARN_OBJC_LITERAL_CONVERSION = YES;
				CLANG_WARN_OBJC_ROOT_CLASS = YES_ERROR;
				CLANG_WARN_RANGE_LOOP_ANALYSIS = YES;
				CLANG_WARN_STRICT_PROTOTYPES = YES;
				CLANG_WARN_SUSPICIOUS_MOVE = YES;
				CLANG_WARN_UNGUARDED_AVAILABILITY = YES_AGGRESSIVE;
				CLANG_WARN_UNREACHABLE_CODE = YES;
				CLANG_WARN__DUPLICATE_METHOD_MATCH = YES;
				CODE_SIGN_IDENTITY = "iPhone Developer";
				COPY_PHASE_STRIP = NO;
				DEBUG_INFORMATION_FORMAT = dwarf;
				ENABLE_STRICT_OBJC_MSGSEND = YES;
				ENABLE_TESTABILITY = YES;
				GCC_C_LANGUAGE_STANDARD = gnu11;
				GCC_DYNAMIC_NO_PIC = NO;
				GCC_NO_COMMON_BLOCKS = YES;
				GCC_OPTIMIZATION_LEVEL = 0;
				GCC_PREPROCESSOR_DEFINITIONS = (
					"DEBUG=1",
					"$(inherited)",
				);
				GCC_WARN_64_TO_32_BIT_CONVERSION = YES;
				GCC_WARN_ABOUT_RETURN_TYPE = YES_ERROR;
				GCC_WARN_UNDECLARED_SELECTOR = YES;
				GCC_WARN_UNINITIALIZED_AUTOS = YES_AGGRESSIVE;
				GCC_WARN_UNUSED_FUNCTION = YES;
				GCC_WARN_UNUSED_VARIABLE = YES;
				IPHONEOS_DEPLOYMENT_TARGET = 11.2;
				MTL_ENABLE_DEBUG_INFO = YES;
				ONLY_ACTIVE_ARCH = YES;
				SDKROOT = iphoneos;
				SWIFT_ACTIVE_COMPILATION_CONDITIONS = DEBUG;
				SWIFT_OPTIMIZATION_LEVEL = "-Onone";
			};
			name = Debug;
		};
		A3A57B01201D242500316BA7 /* Release */ = {
			isa = XCBuildConfiguration;
			buildSettings = {
				ALWAYS_SEARCH_USER_PATHS = NO;
				CLANG_ANALYZER_NONNULL = YES;
				CLANG_ANALYZER_NUMBER_OBJECT_CONVERSION = YES_AGGRESSIVE;
				CLANG_CXX_LANGUAGE_STANDARD = "gnu++14";
				CLANG_CXX_LIBRARY = "libc++";
				CLANG_ENABLE_MODULES = YES;
				CLANG_ENABLE_OBJC_ARC = YES;
				CLANG_WARN_BLOCK_CAPTURE_AUTORELEASING = YES;
				CLANG_WARN_BOOL_CONVERSION = YES;
				CLANG_WARN_COMMA = YES;
				CLANG_WARN_CONSTANT_CONVERSION = YES;
				CLANG_WARN_DIRECT_OBJC_ISA_USAGE = YES_ERROR;
				CLANG_WARN_DOCUMENTATION_COMMENTS = YES;
				CLANG_WARN_EMPTY_BODY = YES;
				CLANG_WARN_ENUM_CONVERSION = YES;
				CLANG_WARN_INFINITE_RECURSION = YES;
				CLANG_WARN_INT_CONVERSION = YES;
				CLANG_WARN_NON_LITERAL_NULL_CONVERSION = YES;
				CLANG_WARN_OBJC_LITERAL_CONVERSION = YES;
				CLANG_WARN_OBJC_ROOT_CLASS = YES_ERROR;
				CLANG_WARN_RANGE_LOOP_ANALYSIS = YES;
				CLANG_WARN_STRICT_PROTOTYPES = YES;
				CLANG_WARN_SUSPICIOUS_MOVE = YES;
				CLANG_WARN_UNGUARDED_AVAILABILITY = YES_AGGRESSIVE;
				CLANG_WARN_UNREACHABLE_CODE = YES;
				CLANG_WARN__DUPLICATE_METHOD_MATCH = YES;
				CODE_SIGN_IDENTITY = "iPhone Developer";
				COPY_PHASE_STRIP = NO;
				DEBUG_INFORMATION_FORMAT = "dwarf-with-dsym";
				ENABLE_NS_ASSERTIONS = NO;
				ENABLE_STRICT_OBJC_MSGSEND = YES;
				GCC_C_LANGUAGE_STANDARD = gnu11;
				GCC_NO_COMMON_BLOCKS = YES;
				GCC_WARN_64_TO_32_BIT_CONVERSION = YES;
				GCC_WARN_ABOUT_RETURN_TYPE = YES_ERROR;
				GCC_WARN_UNDECLARED_SELECTOR = YES;
				GCC_WARN_UNINITIALIZED_AUTOS = YES_AGGRESSIVE;
				GCC_WARN_UNUSED_FUNCTION = YES;
				GCC_WARN_UNUSED_VARIABLE = YES;
				IPHONEOS_DEPLOYMENT_TARGET = 11.2;
				MTL_ENABLE_DEBUG_INFO = NO;
				SDKROOT = iphoneos;
				SWIFT_OPTIMIZATION_LEVEL = "-Owholemodule";
				VALIDATE_PRODUCT = YES;
			};
			name = Release;
		};
		A3A57B03201D242500316BA7 /* Debug */ = {
			isa = XCBuildConfiguration;
			buildSettings = {
				ASSETCATALOG_COMPILER_APPICON_NAME = AppIcon;
				CODE_SIGN_STYLE = Automatic;
				DEVELOPMENT_TEAM = PSXS6BYE4G;
				INFOPLIST_FILE = SDProject/Info.plist;
				LD_RUNPATH_SEARCH_PATHS = "$(inherited) @executable_path/Frameworks";
				PRODUCT_BUNDLE_IDENTIFIER = Welland.SDProject;
				PRODUCT_NAME = "$(TARGET_NAME)";
				SWIFT_VERSION = 4.0;
				TARGETED_DEVICE_FAMILY = "1,2";
			};
			name = Debug;
		};
		A3A57B04201D242500316BA7 /* Release */ = {
			isa = XCBuildConfiguration;
			buildSettings = {
				ASSETCATALOG_COMPILER_APPICON_NAME = AppIcon;
				CODE_SIGN_STYLE = Automatic;
				DEVELOPMENT_TEAM = PSXS6BYE4G;
				INFOPLIST_FILE = SDProject/Info.plist;
				LD_RUNPATH_SEARCH_PATHS = "$(inherited) @executable_path/Frameworks";
				PRODUCT_BUNDLE_IDENTIFIER = Welland.SDProject;
				PRODUCT_NAME = "$(TARGET_NAME)";
				SWIFT_VERSION = 4.0;
				TARGETED_DEVICE_FAMILY = "1,2";
			};
			name = Release;
		};
		A3A57B06201D242500316BA7 /* Debug */ = {
			isa = XCBuildConfiguration;
			buildSettings = {
				ALWAYS_EMBED_SWIFT_STANDARD_LIBRARIES = YES;
				BUNDLE_LOADER = "$(TEST_HOST)";
				CODE_SIGN_STYLE = Automatic;
				DEVELOPMENT_TEAM = PSXS6BYE4G;
				INFOPLIST_FILE = SDProjectTests/Info.plist;
				LD_RUNPATH_SEARCH_PATHS = "$(inherited) @executable_path/Frameworks @loader_path/Frameworks";
				PRODUCT_BUNDLE_IDENTIFIER = Welland.SDProjectTests;
				PRODUCT_NAME = "$(TARGET_NAME)";
				SWIFT_VERSION = 4.0;
				TARGETED_DEVICE_FAMILY = "1,2";
				TEST_HOST = "$(BUILT_PRODUCTS_DIR)/SDProject.app/SDProject";
			};
			name = Debug;
		};
		A3A57B07201D242500316BA7 /* Release */ = {
			isa = XCBuildConfiguration;
			buildSettings = {
				ALWAYS_EMBED_SWIFT_STANDARD_LIBRARIES = YES;
				BUNDLE_LOADER = "$(TEST_HOST)";
				CODE_SIGN_STYLE = Automatic;
				DEVELOPMENT_TEAM = PSXS6BYE4G;
				INFOPLIST_FILE = SDProjectTests/Info.plist;
				LD_RUNPATH_SEARCH_PATHS = "$(inherited) @executable_path/Frameworks @loader_path/Frameworks";
				PRODUCT_BUNDLE_IDENTIFIER = Welland.SDProjectTests;
				PRODUCT_NAME = "$(TARGET_NAME)";
				SWIFT_VERSION = 4.0;
				TARGETED_DEVICE_FAMILY = "1,2";
				TEST_HOST = "$(BUILT_PRODUCTS_DIR)/SDProject.app/SDProject";
			};
			name = Release;
		};
		A3A57B09201D242500316BA7 /* Debug */ = {
			isa = XCBuildConfiguration;
			buildSettings = {
				ALWAYS_EMBED_SWIFT_STANDARD_LIBRARIES = YES;
				CODE_SIGN_STYLE = Automatic;
				DEVELOPMENT_TEAM = PSXS6BYE4G;
				INFOPLIST_FILE = SDProjectUITests/Info.plist;
				LD_RUNPATH_SEARCH_PATHS = "$(inherited) @executable_path/Frameworks @loader_path/Frameworks";
				PRODUCT_BUNDLE_IDENTIFIER = Welland.SDProjectUITests;
				PRODUCT_NAME = "$(TARGET_NAME)";
				SWIFT_VERSION = 4.0;
				TARGETED_DEVICE_FAMILY = "1,2";
				TEST_TARGET_NAME = SDProject;
			};
			name = Debug;
		};
		A3A57B0A201D242500316BA7 /* Release */ = {
			isa = XCBuildConfiguration;
			buildSettings = {
				ALWAYS_EMBED_SWIFT_STANDARD_LIBRARIES = YES;
				CODE_SIGN_STYLE = Automatic;
				DEVELOPMENT_TEAM = PSXS6BYE4G;
				INFOPLIST_FILE = SDProjectUITests/Info.plist;
				LD_RUNPATH_SEARCH_PATHS = "$(inherited) @executable_path/Frameworks @loader_path/Frameworks";
				PRODUCT_BUNDLE_IDENTIFIER = Welland.SDProjectUITests;
				PRODUCT_NAME = "$(TARGET_NAME)";
				SWIFT_VERSION = 4.0;
				TARGETED_DEVICE_FAMILY = "1,2";
				TEST_TARGET_NAME = SDProject;
			};
			name = Release;
		};
/* End XCBuildConfiguration section */

/* Begin XCConfigurationList section */
		A3A57AD5201D242400316BA7 /* Build configuration list for PBXProject "SDProject" */ = {
			isa = XCConfigurationList;
			buildConfigurations = (
				A3A57B00201D242500316BA7 /* Debug */,
				A3A57B01201D242500316BA7 /* Release */,
			);
			defaultConfigurationIsVisible = 0;
			defaultConfigurationName = Release;
		};
		A3A57B02201D242500316BA7 /* Build configuration list for PBXNativeTarget "SDProject" */ = {
			isa = XCConfigurationList;
			buildConfigurations = (
				A3A57B03201D242500316BA7 /* Debug */,
				A3A57B04201D242500316BA7 /* Release */,
			);
			defaultConfigurationIsVisible = 0;
			defaultConfigurationName = Release;
		};
		A3A57B05201D242500316BA7 /* Build configuration list for PBXNativeTarget "SDProjectTests" */ = {
			isa = XCConfigurationList;
			buildConfigurations = (
				A3A57B06201D242500316BA7 /* Debug */,
				A3A57B07201D242500316BA7 /* Release */,
			);
			defaultConfigurationIsVisible = 0;
			defaultConfigurationName = Release;
		};
		A3A57B08201D242500316BA7 /* Build configuration list for PBXNativeTarget "SDProjectUITests" */ = {
			isa = XCConfigurationList;
			buildConfigurations = (
				A3A57B09201D242500316BA7 /* Debug */,
				A3A57B0A201D242500316BA7 /* Release */,
			);
			defaultConfigurationIsVisible = 0;
			defaultConfigurationName = Release;
		};
/* End XCConfigurationList section */
	};
	rootObject = A3A57AD2201D242400316BA7 /* Project object */;
}
